// !$*UTF8*$!
{
	archiveVersion = 1;
	classes = {
	};
	objectVersion = 48;
	objects = {

/* Begin PBXBuildFile section */
		2AF58380673242CE18E1AE05 /* Pods_UFL.framework in Frameworks */ = {isa = PBXBuildFile; fileRef = 1E60DF3843E9F8EFF7CC3B69 /* Pods_UFL.framework */; };
		D09F5BC920D6C8F800623C25 /* AppDelegate.swift in Sources */ = {isa = PBXBuildFile; fileRef = D09F5BC820D6C8F800623C25 /* AppDelegate.swift */; };
		D09F5BCB20D6C8F800623C25 /* ViewController.swift in Sources */ = {isa = PBXBuildFile; fileRef = D09F5BCA20D6C8F800623C25 /* ViewController.swift */; };
		D09F5BCE20D6C8F800623C25 /* Main.storyboard in Resources */ = {isa = PBXBuildFile; fileRef = D09F5BCC20D6C8F800623C25 /* Main.storyboard */; };
		D09F5BD020D6C8F800623C25 /* Assets.xcassets in Resources */ = {isa = PBXBuildFile; fileRef = D09F5BCF20D6C8F800623C25 /* Assets.xcassets */; };
		D09F5BD320D6C8F800623C25 /* LaunchScreen.storyboard in Resources */ = {isa = PBXBuildFile; fileRef = D09F5BD120D6C8F800623C25 /* LaunchScreen.storyboard */; };
		D09F5BDB20D6CE9900623C25 /* MatchsViewController.swift in Sources */ = {isa = PBXBuildFile; fileRef = D09F5BDA20D6CE9900623C25 /* MatchsViewController.swift */; };
		D09F5BDD20D6D24C00623C25 /* DidScrollDelegate.swift in Sources */ = {isa = PBXBuildFile; fileRef = D09F5BDC20D6D24C00623C25 /* DidScrollDelegate.swift */; };
		D09F5BDF20D6ED3900623C25 /* Team.swift in Sources */ = {isa = PBXBuildFile; fileRef = D09F5BDE20D6ED3900623C25 /* Team.swift */; };
		D09F5BE120D6ED7A00623C25 /* Match.swift in Sources */ = {isa = PBXBuildFile; fileRef = D09F5BE020D6ED7A00623C25 /* Match.swift */; };
		D09F5BE320D7129B00623C25 /* ViewModel.swift in Sources */ = {isa = PBXBuildFile; fileRef = D09F5BE220D7129B00623C25 /* ViewModel.swift */; };
		D09F5BE920D71DB300623C25 /* MatchesTableViewCell.swift in Sources */ = {isa = PBXBuildFile; fileRef = D09F5BE720D71DB300623C25 /* MatchesTableViewCell.swift */; };
		D09F5BEA20D71DB300623C25 /* MatchesTableViewCell.xib in Resources */ = {isa = PBXBuildFile; fileRef = D09F5BE820D71DB300623C25 /* MatchesTableViewCell.xib */; };
/* End PBXBuildFile section */

/* Begin PBXFileReference section */
		1E60DF3843E9F8EFF7CC3B69 /* Pods_UFL.framework */ = {isa = PBXFileReference; explicitFileType = wrapper.framework; includeInIndex = 0; path = Pods_UFL.framework; sourceTree = BUILT_PRODUCTS_DIR; };
		8BCA6872D2FD053B854D5530 /* Pods-UFL.debug.xcconfig */ = {isa = PBXFileReference; includeInIndex = 1; lastKnownFileType = text.xcconfig; name = "Pods-UFL.debug.xcconfig"; path = "Pods/Target Support Files/Pods-UFL/Pods-UFL.debug.xcconfig"; sourceTree = "<group>"; };
		D09F5BC520D6C8F800623C25 /* UFL.app */ = {isa = PBXFileReference; explicitFileType = wrapper.application; includeInIndex = 0; path = UFL.app; sourceTree = BUILT_PRODUCTS_DIR; };
		D09F5BC820D6C8F800623C25 /* AppDelegate.swift */ = {isa = PBXFileReference; lastKnownFileType = sourcecode.swift; path = AppDelegate.swift; sourceTree = "<group>"; };
		D09F5BCA20D6C8F800623C25 /* ViewController.swift */ = {isa = PBXFileReference; lastKnownFileType = sourcecode.swift; path = ViewController.swift; sourceTree = "<group>"; };
		D09F5BCD20D6C8F800623C25 /* Base */ = {isa = PBXFileReference; lastKnownFileType = file.storyboard; name = Base; path = Base.lproj/Main.storyboard; sourceTree = "<group>"; };
		D09F5BCF20D6C8F800623C25 /* Assets.xcassets */ = {isa = PBXFileReference; lastKnownFileType = folder.assetcatalog; path = Assets.xcassets; sourceTree = "<group>"; };
		D09F5BD220D6C8F800623C25 /* Base */ = {isa = PBXFileReference; lastKnownFileType = file.storyboard; name = Base; path = Base.lproj/LaunchScreen.storyboard; sourceTree = "<group>"; };
		D09F5BD420D6C8F800623C25 /* Info.plist */ = {isa = PBXFileReference; lastKnownFileType = text.plist.xml; path = Info.plist; sourceTree = "<group>"; };
		D09F5BDA20D6CE9900623C25 /* MatchsViewController.swift */ = {isa = PBXFileReference; lastKnownFileType = sourcecode.swift; path = MatchsViewController.swift; sourceTree = "<group>"; };
		D09F5BDC20D6D24C00623C25 /* DidScrollDelegate.swift */ = {isa = PBXFileReference; lastKnownFileType = sourcecode.swift; path = DidScrollDelegate.swift; sourceTree = "<group>"; };
		D09F5BDE20D6ED3900623C25 /* Team.swift */ = {isa = PBXFileReference; lastKnownFileType = sourcecode.swift; path = Team.swift; sourceTree = "<group>"; };
		D09F5BE020D6ED7A00623C25 /* Match.swift */ = {isa = PBXFileReference; lastKnownFileType = sourcecode.swift; path = Match.swift; sourceTree = "<group>"; };
		D09F5BE220D7129B00623C25 /* ViewModel.swift */ = {isa = PBXFileReference; lastKnownFileType = sourcecode.swift; path = ViewModel.swift; sourceTree = "<group>"; };
		D09F5BE720D71DB300623C25 /* MatchesTableViewCell.swift */ = {isa = PBXFileReference; lastKnownFileType = sourcecode.swift; path = MatchesTableViewCell.swift; sourceTree = "<group>"; };
		D09F5BE820D71DB300623C25 /* MatchesTableViewCell.xib */ = {isa = PBXFileReference; lastKnownFileType = file.xib; path = MatchesTableViewCell.xib; sourceTree = "<group>"; };
		FDB7CB8FC5CAD27C31195F71 /* Pods-UFL.release.xcconfig */ = {isa = PBXFileReference; includeInIndex = 1; lastKnownFileType = text.xcconfig; name = "Pods-UFL.release.xcconfig"; path = "Pods/Target Support Files/Pods-UFL/Pods-UFL.release.xcconfig"; sourceTree = "<group>"; };
/* End PBXFileReference section */

/* Begin PBXFrameworksBuildPhase section */
		D09F5BC220D6C8F800623C25 /* Frameworks */ = {
			isa = PBXFrameworksBuildPhase;
			buildActionMask = 2147483647;
			files = (
				2AF58380673242CE18E1AE05 /* Pods_UFL.framework in Frameworks */,
			);
			runOnlyForDeploymentPostprocessing = 0;
		};
/* End PBXFrameworksBuildPhase section */

/* Begin PBXGroup section */
		1E1123232AB1A4724BF6A60E /* Frameworks */ = {
			isa = PBXGroup;
			children = (
				1E60DF3843E9F8EFF7CC3B69 /* Pods_UFL.framework */,
			);
			name = Frameworks;
			sourceTree = "<group>";
		};
		4AFA71139CF0F1D45BA065BB /* Pods */ = {
			isa = PBXGroup;
			children = (
				8BCA6872D2FD053B854D5530 /* Pods-UFL.debug.xcconfig */,
				FDB7CB8FC5CAD27C31195F71 /* Pods-UFL.release.xcconfig */,
			);
			name = Pods;
			sourceTree = "<group>";
		};
		D09F5BBC20D6C8F800623C25 = {
			isa = PBXGroup;
			children = (
				D09F5BC720D6C8F800623C25 /* UFL */,
				D09F5BC620D6C8F800623C25 /* Products */,
				4AFA71139CF0F1D45BA065BB /* Pods */,
				1E1123232AB1A4724BF6A60E /* Frameworks */,
			);
			sourceTree = "<group>";
		};
		D09F5BC620D6C8F800623C25 /* Products */ = {
			isa = PBXGroup;
			children = (
				D09F5BC520D6C8F800623C25 /* UFL.app */,
			);
			name = Products;
			sourceTree = "<group>";
		};
		D09F5BC720D6C8F800623C25 /* UFL */ = {
			isa = PBXGroup;
			children = (
				D0A43CFF20D84F45001AD237 /* SupportingFiles */,
				D0A43CFE20D84F3B001AD237 /* Models */,
				D0A43CFD20D84F2F001AD237 /* ViewModels */,
				D0A43CFC20D84F20001AD237 /* ViewControllers */,
				D09F5BE420D71D8A00623C25 /* Cells */,
				D09F5BC820D6C8F800623C25 /* AppDelegate.swift */,
				D09F5BCC20D6C8F800623C25 /* Main.storyboard */,
				D09F5BCF20D6C8F800623C25 /* Assets.xcassets */,
				D09F5BD120D6C8F800623C25 /* LaunchScreen.storyboard */,
				D09F5BD420D6C8F800623C25 /* Info.plist */,
			);
			path = UFL;
			sourceTree = "<group>";
		};
		D09F5BE420D71D8A00623C25 /* Cells */ = {
			isa = PBXGroup;
			children = (
				D09F5BE720D71DB300623C25 /* MatchesTableViewCell.swift */,
				D09F5BE820D71DB300623C25 /* MatchesTableViewCell.xib */,
			);
			path = Cells;
			sourceTree = "<group>";
		};
		D0A43CFC20D84F20001AD237 /* ViewControllers */ = {
			isa = PBXGroup;
			children = (
				D09F5BDA20D6CE9900623C25 /* MatchsViewController.swift */,
				D09F5BCA20D6C8F800623C25 /* ViewController.swift */,
			);
			path = ViewControllers;
			sourceTree = "<group>";
		};
		D0A43CFD20D84F2F001AD237 /* ViewModels */ = {
			isa = PBXGroup;
			children = (
				D09F5BE220D7129B00623C25 /* ViewModel.swift */,
			);
			path = ViewModels;
			sourceTree = "<group>";
		};
		D0A43CFE20D84F3B001AD237 /* Models */ = {
			isa = PBXGroup;
			children = (
				D09F5BDE20D6ED3900623C25 /* Team.swift */,
				D09F5BE020D6ED7A00623C25 /* Match.swift */,
			);
			path = Models;
			sourceTree = "<group>";
		};
		D0A43CFF20D84F45001AD237 /* SupportingFiles */ = {
			isa = PBXGroup;
			children = (
				D09F5BDC20D6D24C00623C25 /* DidScrollDelegate.swift */,
			);
			path = SupportingFiles;
			sourceTree = "<group>";
		};
/* End PBXGroup section */

/* Begin PBXNativeTarget section */
		D09F5BC420D6C8F800623C25 /* UFL */ = {
			isa = PBXNativeTarget;
			buildConfigurationList = D09F5BD720D6C8F800623C25 /* Build configuration list for PBXNativeTarget "UFL" */;
			buildPhases = (
				E589B60B2B98B9F081DFB07B /* [CP] Check Pods Manifest.lock */,
				D09F5BC120D6C8F800623C25 /* Sources */,
				D09F5BC220D6C8F800623C25 /* Frameworks */,
				D09F5BC320D6C8F800623C25 /* Resources */,
				488FCB8259404555D68DD5F8 /* [CP] Embed Pods Frameworks */,
				71472B9DD31C6A0BE013977F /* [CP] Copy Pods Resources */,
			);
			buildRules = (
			);
			dependencies = (
			);
			name = UFL;
			productName = UFL;
			productReference = D09F5BC520D6C8F800623C25 /* UFL.app */;
			productType = "com.apple.product-type.application";
		};
/* End PBXNativeTarget section */

/* Begin PBXProject section */
		D09F5BBD20D6C8F800623C25 /* Project object */ = {
			isa = PBXProject;
			attributes = {
				LastSwiftUpdateCheck = 0920;
				LastUpgradeCheck = 0920;
				ORGANIZATIONNAME = "Mena Gamal";
				TargetAttributes = {
					D09F5BC420D6C8F800623C25 = {
						CreatedOnToolsVersion = 9.2;
						ProvisioningStyle = Manual;
					};
				};
			};
			buildConfigurationList = D09F5BC020D6C8F800623C25 /* Build configuration list for PBXProject "UFL" */;
			compatibilityVersion = "Xcode 8.0";
			developmentRegion = en;
			hasScannedForEncodings = 0;
			knownRegions = (
				en,
				Base,
			);
			mainGroup = D09F5BBC20D6C8F800623C25;
			productRefGroup = D09F5BC620D6C8F800623C25 /* Products */;
			projectDirPath = "";
			projectRoot = "";
			targets = (
				D09F5BC420D6C8F800623C25 /* UFL */,
			);
		};
/* End PBXProject section */

/* Begin PBXResourcesBuildPhase section */
		D09F5BC320D6C8F800623C25 /* Resources */ = {
			isa = PBXResourcesBuildPhase;
			buildActionMask = 2147483647;
			files = (
				D09F5BD320D6C8F800623C25 /* LaunchScreen.storyboard in Resources */,
				D09F5BEA20D71DB300623C25 /* MatchesTableViewCell.xib in Resources */,
				D09F5BD020D6C8F800623C25 /* Assets.xcassets in Resources */,
				D09F5BCE20D6C8F800623C25 /* Main.storyboard in Resources */,
			);
			runOnlyForDeploymentPostprocessing = 0;
		};
/* End PBXResourcesBuildPhase section */

/* Begin PBXShellScriptBuildPhase section */
		488FCB8259404555D68DD5F8 /* [CP] Embed Pods Frameworks */ = {
			isa = PBXShellScriptBuildPhase;
			buildActionMask = 2147483647;
			files = (
			);
			inputPaths = (
				"${SRCROOT}/Pods/Target Support Files/Pods-UFL/Pods-UFL-frameworks.sh",
				"${BUILT_PRODUCTS_DIR}/XLPagerTabStrip/XLPagerTabStrip.framework",
			);
			name = "[CP] Embed Pods Frameworks";
			outputPaths = (
				"${TARGET_BUILD_DIR}/${FRAMEWORKS_FOLDER_PATH}/XLPagerTabStrip.framework",
			);
			runOnlyForDeploymentPostprocessing = 0;
			shellPath = /bin/sh;
			shellScript = "\"${SRCROOT}/Pods/Target Support Files/Pods-UFL/Pods-UFL-frameworks.sh\"\n";
			showEnvVarsInLog = 0;
		};
		71472B9DD31C6A0BE013977F /* [CP] Copy Pods Resources */ = {
			isa = PBXShellScriptBuildPhase;
			buildActionMask = 2147483647;
			files = (
			);
			inputPaths = (
			);
			name = "[CP] Copy Pods Resources";
			outputPaths = (
			);
			runOnlyForDeploymentPostprocessing = 0;
			shellPath = /bin/sh;
			shellScript = "\"${SRCROOT}/Pods/Target Support Files/Pods-UFL/Pods-UFL-resources.sh\"\n";
			showEnvVarsInLog = 0;
		};
		E589B60B2B98B9F081DFB07B /* [CP] Check Pods Manifest.lock */ = {
			isa = PBXShellScriptBuildPhase;
			buildActionMask = 2147483647;
			files = (
			);
			inputPaths = (
				"${PODS_PODFILE_DIR_PATH}/Podfile.lock",
				"${PODS_ROOT}/Manifest.lock",
			);
			name = "[CP] Check Pods Manifest.lock";
			outputPaths = (
				"$(DERIVED_FILE_DIR)/Pods-UFL-checkManifestLockResult.txt",
			);
			runOnlyForDeploymentPostprocessing = 0;
			shellPath = /bin/sh;
			shellScript = "diff \"${PODS_PODFILE_DIR_PATH}/Podfile.lock\" \"${PODS_ROOT}/Manifest.lock\" > /dev/null\nif [ $? != 0 ] ; then\n    # print error to STDERR\n    echo \"error: The sandbox is not in sync with the Podfile.lock. Run 'pod install' or update your CocoaPods installation.\" >&2\n    exit 1\nfi\n# This output is used by Xcode 'outputs' to avoid re-running this script phase.\necho \"SUCCESS\" > \"${SCRIPT_OUTPUT_FILE_0}\"\n";
			showEnvVarsInLog = 0;
		};
/* End PBXShellScriptBuildPhase section */

/* Begin PBXSourcesBuildPhase section */
		D09F5BC120D6C8F800623C25 /* Sources */ = {
			isa = PBXSourcesBuildPhase;
			buildActionMask = 2147483647;
			files = (
				D09F5BDB20D6CE9900623C25 /* MatchsViewController.swift in Sources */,
				D09F5BDD20D6D24C00623C25 /* DidScrollDelegate.swift in Sources */,
				D09F5BCB20D6C8F800623C25 /* ViewController.swift in Sources */,
				D09F5BDF20D6ED3900623C25 /* Team.swift in Sources */,
				D09F5BC920D6C8F800623C25 /* AppDelegate.swift in Sources */,
				D09F5BE920D71DB300623C25 /* MatchesTableViewCell.swift in Sources */,
				D09F5BE120D6ED7A00623C25 /* Match.swift in Sources */,
				D09F5BE320D7129B00623C25 /* ViewModel.swift in Sources */,
			);
			runOnlyForDeploymentPostprocessing = 0;
		};
/* End PBXSourcesBuildPhase section */

/* Begin PBXVariantGroup section */
		D09F5BCC20D6C8F800623C25 /* Main.storyboard */ = {
			isa = PBXVariantGroup;
			children = (
				D09F5BCD20D6C8F800623C25 /* Base */,
			);
			name = Main.storyboard;
			sourceTree = "<group>";
		};
		D09F5BD120D6C8F800623C25 /* LaunchScreen.storyboard */ = {
			isa = PBXVariantGroup;
			children = (
				D09F5BD220D6C8F800623C25 /* Base */,
			);
			name = LaunchScreen.storyboard;
			sourceTree = "<group>";
		};
/* End PBXVariantGroup section */

/* Begin XCBuildConfiguration section */
		D09F5BD520D6C8F800623C25 /* Debug */ = {
			isa = XCBuildConfiguration;
			buildSettings = {
				ALWAYS_SEARCH_USER_PATHS = NO;
				CLANG_ANALYZER_NONNULL = YES;
				CLANG_ANALYZER_NUMBER_OBJECT_CONVERSION = YES_AGGRESSIVE;
				CLANG_CXX_LANGUAGE_STANDARD = "gnu++14";
				CLANG_CXX_LIBRARY = "libc++";
				CLANG_ENABLE_MODULES = YES;
				CLANG_ENABLE_OBJC_ARC = YES;
				CLANG_WARN_BLOCK_CAPTURE_AUTORELEASING = YES;
				CLANG_WARN_BOOL_CONVERSION = YES;
				CLANG_WARN_COMMA = YES;
				CLANG_WARN_CONSTANT_CONVERSION = YES;
				CLANG_WARN_DIRECT_OBJC_ISA_USAGE = YES_ERROR;
				CLANG_WARN_DOCUMENTATION_COMMENTS = YES;
				CLANG_WARN_EMPTY_BODY = YES;
				CLANG_WARN_ENUM_CONVERSION = YES;
				CLANG_WARN_INFINITE_RECURSION = YES;
				CLANG_WARN_INT_CONVERSION = YES;
				CLANG_WARN_NON_LITERAL_NULL_CONVERSION = YES;
				CLANG_WARN_OBJC_LITERAL_CONVERSION = YES;
				CLANG_WARN_OBJC_ROOT_CLASS = YES_ERROR;
				CLANG_WARN_RANGE_LOOP_ANALYSIS = YES;
				CLANG_WARN_STRICT_PROTOTYPES = YES;
				CLANG_WARN_SUSPICIOUS_MOVE = YES;
				CLANG_WARN_UNGUARDED_AVAILABILITY = YES_AGGRESSIVE;
				CLANG_WARN_UNREACHABLE_CODE = YES;
				CLANG_WARN__DUPLICATE_METHOD_MATCH = YES;
				CODE_SIGN_IDENTITY = "iPhone Developer";
				COPY_PHASE_STRIP = NO;
				DEBUG_INFORMATION_FORMAT = dwarf;
				ENABLE_STRICT_OBJC_MSGSEND = YES;
				ENABLE_TESTABILITY = YES;
				GCC_C_LANGUAGE_STANDARD = gnu11;
				GCC_DYNAMIC_NO_PIC = NO;
				GCC_NO_COMMON_BLOCKS = YES;
				GCC_OPTIMIZATION_LEVEL = 0;
				GCC_PREPROCESSOR_DEFINITIONS = (
					"DEBUG=1",
					"$(inherited)",
				);
				GCC_WARN_64_TO_32_BIT_CONVERSION = YES;
				GCC_WARN_ABOUT_RETURN_TYPE = YES_ERROR;
				GCC_WARN_UNDECLARED_SELECTOR = YES;
				GCC_WARN_UNINITIALIZED_AUTOS = YES_AGGRESSIVE;
				GCC_WARN_UNUSED_FUNCTION = YES;
				GCC_WARN_UNUSED_VARIABLE = YES;
				IPHONEOS_DEPLOYMENT_TARGET = 11.2;
				MTL_ENABLE_DEBUG_INFO = YES;
				ONLY_ACTIVE_ARCH = YES;
				SDKROOT = iphoneos;
				SWIFT_ACTIVE_COMPILATION_CONDITIONS = DEBUG;
				SWIFT_OPTIMIZATION_LEVEL = "-Onone";
			};
			name = Debug;
		};
		D09F5BD620D6C8F800623C25 /* Release */ = {
			isa = XCBuildConfiguration;
			buildSettings = {
				ALWAYS_SEARCH_USER_PATHS = NO;
				CLANG_ANALYZER_NONNULL = YES;
				CLANG_ANALYZER_NUMBER_OBJECT_CONVERSION = YES_AGGRESSIVE;
				CLANG_CXX_LANGUAGE_STANDARD = "gnu++14";
				CLANG_CXX_LIBRARY = "libc++";
				CLANG_ENABLE_MODULES = YES;
				CLANG_ENABLE_OBJC_ARC = YES;
				CLANG_WARN_BLOCK_CAPTURE_AUTORELEASING = YES;
				CLANG_WARN_BOOL_CONVERSION = YES;
				CLANG_WARN_COMMA = YES;
				CLANG_WARN_CONSTANT_CONVERSION = YES;
				CLANG_WARN_DIRECT_OBJC_ISA_USAGE = YES_ERROR;
				CLANG_WARN_DOCUMENTATION_COMMENTS = YES;
				CLANG_WARN_EMPTY_BODY = YES;
				CLANG_WARN_ENUM_CONVERSION = YES;
				CLANG_WARN_INFINITE_RECURSION = YES;
				CLANG_WARN_INT_CONVERSION = YES;
				CLANG_WARN_NON_LITERAL_NULL_CONVERSION = YES;
				CLANG_WARN_OBJC_LITERAL_CONVERSION = YES;
				CLANG_WARN_OBJC_ROOT_CLASS = YES_ERROR;
				CLANG_WARN_RANGE_LOOP_ANALYSIS = YES;
				CLANG_WARN_STRICT_PROTOTYPES = YES;
				CLANG_WARN_SUSPICIOUS_MOVE = YES;
				CLANG_WARN_UNGUARDED_AVAILABILITY = YES_AGGRESSIVE;
				CLANG_WARN_UNREACHABLE_CODE = YES;
				CLANG_WARN__DUPLICATE_METHOD_MATCH = YES;
				CODE_SIGN_IDENTITY = "iPhone Developer";
				COPY_PHASE_STRIP = NO;
				DEBUG_INFORMATION_FORMAT = "dwarf-with-dsym";
				ENABLE_NS_ASSERTIONS = NO;
				ENABLE_STRICT_OBJC_MSGSEND = YES;
				GCC_C_LANGUAGE_STANDARD = gnu11;
				GCC_NO_COMMON_BLOCKS = YES;
				GCC_WARN_64_TO_32_BIT_CONVERSION = YES;
				GCC_WARN_ABOUT_RETURN_TYPE = YES_ERROR;
				GCC_WARN_UNDECLARED_SELECTOR = YES;
				GCC_WARN_UNINITIALIZED_AUTOS = YES_AGGRESSIVE;
				GCC_WARN_UNUSED_FUNCTION = YES;
				GCC_WARN_UNUSED_VARIABLE = YES;
				IPHONEOS_DEPLOYMENT_TARGET = 11.2;
				MTL_ENABLE_DEBUG_INFO = NO;
				SDKROOT = iphoneos;
				SWIFT_OPTIMIZATION_LEVEL = "-Owholemodule";
				VALIDATE_PRODUCT = YES;
			};
			name = Release;
		};
		D09F5BD820D6C8F800623C25 /* Debug */ = {
			isa = XCBuildConfiguration;
			baseConfigurationReference = 8BCA6872D2FD053B854D5530 /* Pods-UFL.debug.xcconfig */;
			buildSettings = {
				ASSETCATALOG_COMPILER_APPICON_NAME = AppIcon;
				CODE_SIGN_STYLE = Manual;
				DEVELOPMENT_TEAM = "";
				INFOPLIST_FILE = UFL/Info.plist;
				IPHONEOS_DEPLOYMENT_TARGET = 9.0;
				LD_RUNPATH_SEARCH_PATHS = "$(inherited) @executable_path/Frameworks";
				PRODUCT_BUNDLE_IDENTIFIER = com.Jimmy.UFL;
				PRODUCT_NAME = "$(TARGET_NAME)";
				PROVISIONING_PROFILE_SPECIFIER = "";
				SWIFT_VERSION = 4.0;
				TARGETED_DEVICE_FAMILY = "1,2";
			};
			name = Debug;
		};
		D09F5BD920D6C8F800623C25 /* Release */ = {
			isa = XCBuildConfiguration;
			baseConfigurationReference = FDB7CB8FC5CAD27C31195F71 /* Pods-UFL.release.xcconfig */;
			buildSettings = {
				ASSETCATALOG_COMPILER_APPICON_NAME = AppIcon;
				CODE_SIGN_STYLE = Manual;
				DEVELOPMENT_TEAM = "";
				INFOPLIST_FILE = UFL/Info.plist;
				IPHONEOS_DEPLOYMENT_TARGET = 9.0;
				LD_RUNPATH_SEARCH_PATHS = "$(inherited) @executable_path/Frameworks";
				PRODUCT_BUNDLE_IDENTIFIER = com.Jimmy.UFL;
				PRODUCT_NAME = "$(TARGET_NAME)";
				PROVISIONING_PROFILE_SPECIFIER = "";
				SWIFT_VERSION = 4.0;
				TARGETED_DEVICE_FAMILY = "1,2";
			};
			name = Release;
		};
/* End XCBuildConfiguration section */

/* Begin XCConfigurationList section */
		D09F5BC020D6C8F800623C25 /* Build configuration list for PBXProject "UFL" */ = {
			isa = XCConfigurationList;
			buildConfigurations = (
				D09F5BD520D6C8F800623C25 /* Debug */,
				D09F5BD620D6C8F800623C25 /* Release */,
			);
			defaultConfigurationIsVisible = 0;
			defaultConfigurationName = Release;
		};
		D09F5BD720D6C8F800623C25 /* Build configuration list for PBXNativeTarget "UFL" */ = {
			isa = XCConfigurationList;
			buildConfigurations = (
				D09F5BD820D6C8F800623C25 /* Debug */,
				D09F5BD920D6C8F800623C25 /* Release */,
			);
			defaultConfigurationIsVisible = 0;
			defaultConfigurationName = Release;
		};
/* End XCConfigurationList section */
	};
	rootObject = D09F5BBD20D6C8F800623C25 /* Project object */;
}
